{
  "name": "@rg-wqd/app1",
  "version": "0.1.0",
  "lockfileVersion": 2,
  "requires": true,
  "packages": {
    "": {
      "name": "@rg-wqd/app1",
      "version": "0.1.0",
      "license": "MIT",
      "dependencies": {
        "@vue/composition-api": "^1.0.0-rc.13",
        "axios": "^0.21.1",
        "element-ui": "^2.15.3",
        "lodash": "^4.17.21",
        "vue": "^2.6.14",
        "vue-class-component": "^7.2.6",
        "vue-property-decorator": "^9.1.2",
        "vue-router": "^3.5.2"
      },
      "devDependencies": {
        "@rg-wp/config": "file:../wp-config",
        "@rg-wp/share": "file:../wp-share",
        "@types/lodash": "^4.14.168",
        "@types/webpack-env": "^1.16.0",
        "typescript": "^4.2.3"
      }
    },
    "../wp-config": {
      "name": "@rg-wp/config",
      "version": "1.0.0",
      "dev": true,
      "license": "MIT",
      "dependencies": {
        "@babel/core": "^7.13.10",
        "@babel/plugin-proposal-decorators": "^7.13.5",
        "@babel/plugin-syntax-dynamic-import": "^7.8.3",
        "@babel/plugin-transform-runtime": "^7.14.5",
        "@babel/preset-env": "^7.13.10",
        "@babel/preset-typescript": "^7.13.0",
        "@babel/runtime-corejs3": "^7.14.7",
        "@rg-wp/share": "file:../wp-share",
        "@vue/babel-preset-jsx": "^1.2.4",
        "@vue/composition-api": "^1.0.0-rc.5",
        "autoprefixer": "^10.2.5",
        "axios": "^0.21.1",
        "babel-loader": "^8.2.2",
        "babel-plugin-component": "^1.1.1",
        "chalk": "^4.1.1",
        "core-js": "^3.15.2",
        "css-loader": "^5.1.2",
        "file-loader": "^6.2.0",
        "fs-extra": "^9.1.0",
        "html-webpack-plugin": "^5.2.0",
        "less": "^4.1.1",
        "less-loader": "^7.3.0",
        "lodash": "^4.17.21",
        "mini-css-extract-plugin": "^2.0.0",
        "postcss": "^8.2.8",
        "postcss-loader": "^5.2.0",
        "style-loader": "^2.0.0",
        "svg-sprite-loader": "^5.2.1",
        "terser-webpack-plugin": "^5.1.4",
        "ts-loader": "^8.0.18",
        "url-loader": "^4.1.1",
        "vue": "^2.6.12",
        "vue-class-component": "^7.2.3",
        "vue-loader": "^15.9.6",
        "vue-property-decorator": "^8.3.0",
        "vue-router": "^3.5.1",
        "vue-svg-loader": "^0.16.0",
        "vue-template-compiler": "^2.6.12",
        "webpack": "^5.25.0",
        "webpack-bundle-analyzer": "^4.4.0",
        "webpack-dev-middleware": "^5.0.0",
        "webpack-dev-server": "^3.11.2",
        "webpack-hot-middleware": "^2.25.0",
        "webpack-manifest-plugin": "^3.1.0",
        "webpack-merge": "^5.8.0"
      }
    },
    "../wp-share": {
      "name": "@rg-wp/share",
      "version": "1.0.0",
      "dev": true,
      "license": "MIT"
    },
    "node_modules/@rg-wp/config": {
      "resolved": "../wp-config",
      "link": true
    },
    "node_modules/@rg-wp/share": {
      "resolved": "../wp-share",
      "link": true
    },
    "node_modules/@types/lodash": {
      "version": "4.14.171",
      "resolved": "https://registry.nlark.com/@types/lodash/download/@types/lodash-4.14.171.tgz?cache=0&sync_timestamp=1625609589008&other_urls=https%3A%2F%2Fregistry.nlark.com%2F%40types%2Flodash%2Fdownload%2F%40types%2Flodash-4.14.171.tgz",
      "integrity": "sha1-8Bs6X+NJnjS2IsNipGpgn9sjVzs=",
      "dev": true
    },
    "node_modules/@types/webpack-env": {
      "version": "1.16.2",
      "resolved": "https://registry.nlark.com/@types/webpack-env/download/@types/webpack-env-1.16.2.tgz",
      "integrity": "sha1-jbUUsFnBsq4Uzp17syUpbeapoPo=",
      "dev": true
    },
    "node_modules/@vue/composition-api": {
      "version": "1.0.3",
      "resolved": "https://registry.nlark.com/@vue/composition-api/download/@vue/composition-api-1.0.3.tgz",
      "integrity": "sha1-2Cr+XBnoXqjI2yXY8djOiBrIF+w=",
      "dependencies": {
        "tslib": "^2.3.0"
      },
      "peerDependencies": {
        "vue": ">= 2.5 < 3"
      }
    },
    "node_modules/async-validator": {
      "version": "1.8.5",
      "resolved": "https://registry.nlark.com/async-validator/download/async-validator-1.8.5.tgz",
      "integrity": "sha1-3D4I7B/Q3dtn5ghC8CwM0c7G1/A=",
      "dependencies": {
        "babel-runtime": "6.x"
      }
    },
    "node_modules/axios": {
      "version": "0.21.1",
      "resolved": "https://registry.npm.taobao.org/axios/download/axios-0.21.1.tgz",
      "integrity": "sha1-IlY0gZYvTWvemnbVFu8OXTwJsrg=",
      "dependencies": {
        "follow-redirects": "^1.10.0"
      }
    },
    "node_modules/babel-helper-vue-jsx-merge-props": {
      "version": "2.0.3",
      "resolved": "https://registry.nlark.com/babel-helper-vue-jsx-merge-props/download/babel-helper-vue-jsx-merge-props-2.0.3.tgz",
      "integrity": "sha1-Iq69OzOQIyjlEyk6jkmSs4T58bY="
    },
    "node_modules/babel-runtime": {
      "version": "6.26.0",
      "resolved": "https://registry.nlark.com/babel-runtime/download/babel-runtime-6.26.0.tgz",
      "integrity": "sha1-llxwWGaOgrVde/4E/yM3vItWR/4=",
      "dependencies": {
        "core-js": "^2.4.0",
        "regenerator-runtime": "^0.11.0"
      }
    },
    "node_modules/core-js": {
      "version": "2.6.12",
      "resolved": "https://registry.nlark.com/core-js/download/core-js-2.6.12.tgz?cache=0&sync_timestamp=1624966102256&other_urls=https%3A%2F%2Fregistry.nlark.com%2Fcore-js%2Fdownload%2Fcore-js-2.6.12.tgz",
      "integrity": "sha1-2TM9+nsGXjR8xWgiGdb2kIWcwuw=",
      "deprecated": "core-js@<3.3 is no longer maintained and not recommended for usage due to the number of issues. Because of the V8 engine whims, feature detection in old core-js versions could cause a slowdown up to 100x even if nothing is polyfilled. Please, upgrade your dependencies to the actual version of core-js."
    },
    "node_modules/deepmerge": {
      "version": "1.5.2",
      "resolved": "https://registry.npm.taobao.org/deepmerge/download/deepmerge-1.5.2.tgz",
      "integrity": "sha1-EEmdhohEza1P7ghC34x/bwyVp1M=",
      "engines": {
        "node": ">=0.10.0"
      }
    },
    "node_modules/element-ui": {
      "version": "2.15.3",
      "resolved": "https://registry.nlark.com/element-ui/download/element-ui-2.15.3.tgz",
      "integrity": "sha1-VRCKuCo7zGRuewVwhxxIupYwBlI=",
      "dependencies": {
        "async-validator": "~1.8.1",
        "babel-helper-vue-jsx-merge-props": "^2.0.0",
        "deepmerge": "^1.2.0",
        "normalize-wheel": "^1.0.1",
        "resize-observer-polyfill": "^1.5.0",
        "throttle-debounce": "^1.0.1"
      },
      "peerDependencies": {
        "vue": "^2.5.17"
      }
    },
    "node_modules/follow-redirects": {
      "version": "1.14.1",
      "resolved": "https://registry.nlark.com/follow-redirects/download/follow-redirects-1.14.1.tgz?cache=0&sync_timestamp=1620555300559&other_urls=https%3A%2F%2Fregistry.nlark.com%2Ffollow-redirects%2Fdownload%2Ffollow-redirects-1.14.1.tgz",
      "integrity": "sha1-2RFN7Qoc/dM04WTmZirQK/2R/0M=",
      "engines": {
        "node": ">=4.0"
      }
    },
    "node_modules/lodash": {
      "version": "4.17.21",
      "resolved": "https://registry.npm.taobao.org/lodash/download/lodash-4.17.21.tgz?cache=0&sync_timestamp=1613835838133&other_urls=https%3A%2F%2Fregistry.npm.taobao.org%2Flodash%2Fdownload%2Flodash-4.17.21.tgz",
      "integrity": "sha1-Z5WRxWTDv/quhFTPCz3zcMPWkRw="
    },
    "node_modules/normalize-wheel": {
      "version": "1.0.1",
      "resolved": "https://registry.npm.taobao.org/normalize-wheel/download/normalize-wheel-1.0.1.tgz",
      "integrity": "sha1-rsiGr/2wRQcNhWRH32Ls+GFG7EU="
    },
    "node_modules/regenerator-runtime": {
      "version": "0.11.1",
      "resolved": "https://registry.nlark.com/regenerator-runtime/download/regenerator-runtime-0.11.1.tgz",
      "integrity": "sha1-vgWtf5v30i4Fb5cmzuUBf78Z4uk="
    },
    "node_modules/resize-observer-polyfill": {
      "version": "1.5.1",
      "resolved": "https://registry.npm.taobao.org/resize-observer-polyfill/download/resize-observer-polyfill-1.5.1.tgz",
      "integrity": "sha1-DpAg3T0hAkRY1OvSfiPkAmmBBGQ="
    },
    "node_modules/throttle-debounce": {
      "version": "1.1.0",
      "resolved": "https://registry.nlark.com/throttle-debounce/download/throttle-debounce-1.1.0.tgz",
      "integrity": "sha1-UYU9o3vmihVctugns1FKPEIuic0=",
      "engines": {
        "node": ">=4"
      }
    },
    "node_modules/tslib": {
      "version": "2.3.0",
      "resolved": "https://registry.nlark.com/tslib/download/tslib-2.3.0.tgz?cache=0&other_urls=https%3A%2F%2Fregistry.nlark.com%2Ftslib%2Fdownload%2Ftslib-2.3.0.tgz",
      "integrity": "sha1-gDuM2rPhK6WBpMpByIObuw2ssJ4="
    },
    "node_modules/typescript": {
      "version": "4.3.5",
      "resolved": "https://registry.nlark.com/typescript/download/typescript-4.3.5.tgz?cache=0&other_urls=https%3A%2F%2Fregistry.nlark.com%2Ftypescript%2Fdownload%2Ftypescript-4.3.5.tgz",
      "integrity": "sha1-TRw3zBbok5c8RaBohrcRMjTxGfQ=",
      "dev": true,
      "bin": {
        "tsc": "bin/tsc",
        "tsserver": "bin/tsserver"
      },
      "engines": {
        "node": ">=4.2.0"
      }
    },
    "node_modules/vue": {
      "version": "2.6.14",
      "resolved": "https://registry.nlark.com/vue/download/vue-2.6.14.tgz",
      "integrity": "sha1-5RqlJQJQ1Wmj+606ilpofWA24jU="
    },
    "node_modules/vue-class-component": {
      "version": "7.2.6",
      "resolved": "https://registry.npm.taobao.org/vue-class-component/download/vue-class-component-7.2.6.tgz",
      "integrity": "sha1-hHHgN7jkdi9aRkaG4Z5a/HCFAuQ=",
      "peerDependencies": {
        "vue": "^2.0.0"
      }
    },
    "node_modules/vue-property-decorator": {
      "version": "9.1.2",
      "resolved": "https://registry.npm.taobao.org/vue-property-decorator/download/vue-property-decorator-9.1.2.tgz?cache=0&sync_timestamp=1615327572569&other_urls=https%3A%2F%2Fregistry.npm.taobao.org%2Fvue-property-decorator%2Fdownload%2Fvue-property-decorator-9.1.2.tgz",
      "integrity": "sha1-JmourGG6ZSfi5oppM8+5j92rVFc=",
      "peerDependencies": {
        "vue": "*",
        "vue-class-component": "*"
      }
    },
    "node_modules/vue-router": {
      "version": "3.5.2",
      "resolved": "https://registry.nlark.com/vue-router/download/vue-router-3.5.2.tgz",
      "integrity": "sha1-X1Xj8lGXDjbD6NiKfNLWejUK3lw="
    }
  },
  "dependencies": {
    "@rg-wp/config": {
      "version": "file:../wp-config",
      "requires": {
        "@babel/core": "^7.13.10",
        "@babel/plugin-proposal-decorators": "^7.13.5",
        "@babel/plugin-syntax-dynamic-import": "^7.8.3",
        "@babel/plugin-transform-runtime": "^7.14.5",
        "@babel/preset-env": "^7.13.10",
        "@babel/preset-typescript": "^7.13.0",
        "@babel/runtime-corejs3": "^7.14.7",
        "@rg-wp/share": "file:../wp-share",
        "@vue/babel-preset-jsx": "^1.2.4",
        "@vue/composition-api": "^1.0.0-rc.5",
        "autoprefixer": "^10.2.5",
        "axios": "^0.21.1",
        "babel-loader": "^8.2.2",
        "babel-plugin-component": "^1.1.1",
        "chalk": "^4.1.1",
        "core-js": "^3.15.2",
        "css-loader": "^5.1.2",
        "file-loader": "^6.2.0",
        "fs-extra": "^9.1.0",
        "html-webpack-plugin": "^5.2.0",
        "less": "^4.1.1",
        "less-loader": "^7.3.0",
        "lodash": "^4.17.21",
        "mini-css-extract-plugin": "^2.0.0",
        "postcss": "^8.2.8",
        "postcss-loader": "^5.2.0",
        "style-loader": "^2.0.0",
        "svg-sprite-loader": "^5.2.1",
        "terser-webpack-plugin": "^5.1.4",
        "ts-loader": "^8.0.18",
        "url-loader": "^4.1.1",
        "vue": "^2.6.12",
        "vue-class-component": "^7.2.3",
        "vue-loader": "^15.9.6",
        "vue-property-decorator": "^8.3.0",
        "vue-router": "^3.5.1",
        "vue-svg-loader": "^0.16.0",
        "vue-template-compiler": "^2.6.12",
        "webpack": "^5.25.0",
        "webpack-bundle-analyzer": "^4.4.0",
        "webpack-dev-middleware": "^5.0.0",
        "webpack-dev-server": "^3.11.2",
        "webpack-hot-middleware": "^2.25.0",
        "webpack-manifest-plugin": "^3.1.0",
        "webpack-merge": "^5.8.0"
      }
    },
    "@rg-wp/share": {
      "version": "file:../wp-share"
    },
    "@types/lodash": {
      "version": "4.14.171",
      "resolved": "https://registry.nlark.com/@types/lodash/download/@types/lodash-4.14.171.tgz?cache=0&sync_timestamp=1625609589008&other_urls=https%3A%2F%2Fregistry.nlark.com%2F%40types%2Flodash%2Fdownload%2F%40types%2Flodash-4.14.171.tgz",
      "integrity": "sha1-8Bs6X+NJnjS2IsNipGpgn9sjVzs=",
      "dev": true
    },
    "@types/webpack-env": {
      "version": "1.16.2",
      "resolved": "https://registry.nlark.com/@types/webpack-env/download/@types/webpack-env-1.16.2.tgz",
      "integrity": "sha1-jbUUsFnBsq4Uzp17syUpbeapoPo=",
      "dev": true
    },
    "@vue/composition-api": {
      "version": "1.0.3",
      "resolved": "https://registry.nlark.com/@vue/composition-api/download/@vue/composition-api-1.0.3.tgz",
      "integrity": "sha1-2Cr+XBnoXqjI2yXY8djOiBrIF+w=",
      "requires": {
        "tslib": "^2.3.0"
      }
    },
    "async-validator": {
      "version": "1.8.5",
      "resolved": "https://registry.nlark.com/async-validator/download/async-validator-1.8.5.tgz",
      "integrity": "sha1-3D4I7B/Q3dtn5ghC8CwM0c7G1/A=",
      "requires": {
        "babel-runtime": "6.x"
      }
    },
    "axios": {
      "version": "0.21.1",
      "resolved": "https://registry.npm.taobao.org/axios/download/axios-0.21.1.tgz",
      "integrity": "sha1-IlY0gZYvTWvemnbVFu8OXTwJsrg=",
      "requires": {
        "follow-redirects": "^1.10.0"
      }
    },
    "babel-helper-vue-jsx-merge-props": {
      "version": "2.0.3",
      "resolved": "https://registry.nlark.com/babel-helper-vue-jsx-merge-props/download/babel-helper-vue-jsx-merge-props-2.0.3.tgz",
      "integrity": "sha1-Iq69OzOQIyjlEyk6jkmSs4T58bY="
    },
    "babel-runtime": {
      "version": "6.26.0",
      "resolved": "https://registry.nlark.com/babel-runtime/download/babel-runtime-6.26.0.tgz",
      "integrity": "sha1-llxwWGaOgrVde/4E/yM3vItWR/4=",
      "requires": {
        "core-js": "^2.4.0",
        "regenerator-runtime": "^0.11.0"
      }
    },
    "core-js": {
      "version": "2.6.12",
      "resolved": "https://registry.nlark.com/core-js/download/core-js-2.6.12.tgz?cache=0&sync_timestamp=1624966102256&other_urls=https%3A%2F%2Fregistry.nlark.com%2Fcore-js%2Fdownload%2Fcore-js-2.6.12.tgz",
      "integrity": "sha1-2TM9+nsGXjR8xWgiGdb2kIWcwuw="
    },
    "deepmerge": {
      "version": "1.5.2",
      "resolved": "https://registry.npm.taobao.org/deepmerge/download/deepmerge-1.5.2.tgz",
      "integrity": "sha1-EEmdhohEza1P7ghC34x/bwyVp1M="
    },
    "element-ui": {
      "version": "2.15.3",
      "resolved": "https://registry.nlark.com/element-ui/download/element-ui-2.15.3.tgz",
      "integrity": "sha1-VRCKuCo7zGRuewVwhxxIupYwBlI=",
      "requires": {
        "async-validator": "~1.8.1",
        "babel-helper-vue-jsx-merge-props": "^2.0.0",
        "deepmerge": "^1.2.0",
        "normalize-wheel": "^1.0.1",
        "resize-observer-polyfill": "^1.5.0",
        "throttle-debounce": "^1.0.1"
      }
    },
    "follow-redirects": {
      "version": "1.14.1",
      "resolved": "https://registry.nlark.com/follow-redirects/download/follow-redirects-1.14.1.tgz?cache=0&sync_timestamp=1620555300559&other_urls=https%3A%2F%2Fregistry.nlark.com%2Ffollow-redirects%2Fdownload%2Ffollow-redirects-1.14.1.tgz",
      "integrity": "sha1-2RFN7Qoc/dM04WTmZirQK/2R/0M="
    },
    "lodash": {
      "version": "4.17.21",
      "resolved": "https://registry.npm.taobao.org/lodash/download/lodash-4.17.21.tgz?cache=0&sync_timestamp=1613835838133&other_urls=https%3A%2F%2Fregistry.npm.taobao.org%2Flodash%2Fdownload%2Flodash-4.17.21.tgz",
      "integrity": "sha1-Z5WRxWTDv/quhFTPCz3zcMPWkRw="
    },
    "normalize-wheel": {
      "version": "1.0.1",
      "resolved": "https://registry.npm.taobao.org/normalize-wheel/download/normalize-wheel-1.0.1.tgz",
      "integrity": "sha1-rsiGr/2wRQcNhWRH32Ls+GFG7EU="
    },
    "regenerator-runtime": {
      "version": "0.11.1",
      "resolved": "https://registry.nlark.com/regenerator-runtime/download/regenerator-runtime-0.11.1.tgz",
      "integrity": "sha1-vgWtf5v30i4Fb5cmzuUBf78Z4uk="
    },
    "resize-observer-polyfill": {
      "version": "1.5.1",
      "resolved": "https://registry.npm.taobao.org/resize-observer-polyfill/download/resize-observer-polyfill-1.5.1.tgz",
      "integrity": "sha1-DpAg3T0hAkRY1OvSfiPkAmmBBGQ="
    },
    "throttle-debounce": {
      "version": "1.1.0",
      "resolved": "https://registry.nlark.com/throttle-debounce/download/throttle-debounce-1.1.0.tgz",
      "integrity": "sha1-UYU9o3vmihVctugns1FKPEIuic0="
    },
    "tslib": {
      "version": "2.3.0",
      "resolved": "https://registry.nlark.com/tslib/download/tslib-2.3.0.tgz?cache=0&other_urls=https%3A%2F%2Fregistry.nlark.com%2Ftslib%2Fdownload%2Ftslib-2.3.0.tgz",
      "integrity": "sha1-gDuM2rPhK6WBpMpByIObuw2ssJ4="
    },
    "typescript": {
      "version": "4.3.5",
      "resolved": "https://registry.nlark.com/typescript/download/typescript-4.3.5.tgz?cache=0&other_urls=https%3A%2F%2Fregistry.nlark.com%2Ftypescript%2Fdownload%2Ftypescript-4.3.5.tgz",
      "integrity": "sha1-TRw3zBbok5c8RaBohrcRMjTxGfQ=",
      "dev": true
    },
    "vue": {
      "version": "2.6.14",
      "resolved": "https://registry.nlark.com/vue/download/vue-2.6.14.tgz",
      "integrity": "sha1-5RqlJQJQ1Wmj+606ilpofWA24jU="
    },
    "vue-class-component": {
      "version": "7.2.6",
      "resolved": "https://registry.npm.taobao.org/vue-class-component/download/vue-class-component-7.2.6.tgz",
      "integrity": "sha1-hHHgN7jkdi9aRkaG4Z5a/HCFAuQ=",
      "requires": {}
    },
    "vue-property-decorator": {
      "version": "9.1.2",
      "resolved": "https://registry.npm.taobao.org/vue-property-decorator/download/vue-property-decorator-9.1.2.tgz?cache=0&sync_timestamp=1615327572569&other_urls=https%3A%2F%2Fregistry.npm.taobao.org%2Fvue-property-decorator%2Fdownload%2Fvue-property-decorator-9.1.2.tgz",
      "integrity": "sha1-JmourGG6ZSfi5oppM8+5j92rVFc=",
      "requires": {}
    },
    "vue-router": {
      "version": "3.5.2",
      "resolved": "https://registry.nlark.com/vue-router/download/vue-router-3.5.2.tgz",
      "integrity": "sha1-X1Xj8lGXDjbD6NiKfNLWejUK3lw="
    }
  }
}
