# THIS IS AN AUTOGENERATED FILE. DO NOT EDIT THIS FILE DIRECTLY.
# yarn lockfile v1


"@rg-wp/config@file:../wp-config":
  "resolved" "file:../wp-config"
  "version" "1.0.0"
  dependencies:
    "@babel/core" "^7.13.10"
    "@babel/plugin-proposal-decorators" "^7.13.5"
    "@babel/plugin-syntax-dynamic-import" "^7.8.3"
    "@babel/plugin-transform-runtime" "^7.14.5"
    "@babel/preset-env" "^7.13.10"
    "@babel/preset-typescript" "^7.13.0"
    "@babel/runtime-corejs3" "^7.14.7"
    "@rg-wp/share" "file:../wp-share"
    "@vue/babel-preset-jsx" "^1.2.4"
    "@vue/composition-api" "^1.0.0-rc.5"
    "autoprefixer" "^10.2.5"
    "axios" "^0.21.1"
    "babel-loader" "^8.2.2"
    "babel-plugin-component" "^1.1.1"
    "chalk" "^4.1.1"
    "core-js" "^3.15.2"
    "css-loader" "^5.1.2"
    "file-loader" "^6.2.0"
    "fs-extra" "^9.1.0"
    "html-webpack-plugin" "^5.2.0"
    "less" "^4.1.1"
    "less-loader" "^7.3.0"
    "lodash" "^4.17.21"
    "mini-css-extract-plugin" "^2.0.0"
    "postcss" "^8.2.8"
    "postcss-loader" "^5.2.0"
    "style-loader" "^2.0.0"
    "svg-sprite-loader" "^5.2.1"
    "terser-webpack-plugin" "^5.1.4"
    "ts-loader" "^8.0.18"
    "url-loader" "^4.1.1"
    "vue" "^2.6.12"
    "vue-class-component" "^7.2.3"
    "vue-loader" "^15.9.6"
    "vue-property-decorator" "^8.3.0"
    "vue-router" "^3.5.1"
    "vue-svg-loader" "^0.16.0"
    "vue-template-compiler" "^2.6.12"
    "webpack" "^5.25.0"
    "webpack-bundle-analyzer" "^4.4.0"
    "webpack-dev-middleware" "^5.0.0"
    "webpack-dev-server" "^3.11.2"
    "webpack-hot-middleware" "^2.25.0"
    "webpack-manifest-plugin" "^3.1.0"
    "webpack-merge" "^5.8.0"

"@rg-wp/share@file:../wp-share":
  "resolved" "file:../wp-share"
  "version" "1.0.0"

"async-validator@~1.8.1":
  "integrity" "sha1-3D4I7B/Q3dtn5ghC8CwM0c7G1/A="
  "resolved" "https://registry.nlark.com/async-validator/download/async-validator-1.8.5.tgz"
  "version" "1.8.5"
  dependencies:
    "babel-runtime" "6.x"

"at-least-node@^1.0.0":
  "integrity" "sha1-YCzUtG6EStTv/JKoARo8RuAjjcI="
  "resolved" "https://registry.npm.taobao.org/at-least-node/download/at-least-node-1.0.0.tgz"
  "version" "1.0.0"

"axios@^0.21.1":
  "integrity" "sha1-IlY0gZYvTWvemnbVFu8OXTwJsrg="
  "resolved" "https://registry.npm.taobao.org/axios/download/axios-0.21.1.tgz"
  "version" "0.21.1"
  dependencies:
    "follow-redirects" "^1.10.0"

"babel-helper-vue-jsx-merge-props@^2.0.0":
  "integrity" "sha1-Iq69OzOQIyjlEyk6jkmSs4T58bY="
  "resolved" "https://registry.nlark.com/babel-helper-vue-jsx-merge-props/download/babel-helper-vue-jsx-merge-props-2.0.3.tgz"
  "version" "2.0.3"

"babel-runtime@6.x":
  "integrity" "sha1-llxwWGaOgrVde/4E/yM3vItWR/4="
  "resolved" "https://registry.nlark.com/babel-runtime/download/babel-runtime-6.26.0.tgz"
  "version" "6.26.0"
  dependencies:
    "core-js" "^2.4.0"
    "regenerator-runtime" "^0.11.0"

"core-js@^2.4.0":
  "integrity" "sha1-2TM9+nsGXjR8xWgiGdb2kIWcwuw="
  "resolved" "https://registry.nlark.com/core-js/download/core-js-2.6.12.tgz?cache=0&sync_timestamp=1624966102256&other_urls=https%3A%2F%2Fregistry.nlark.com%2Fcore-js%2Fdownload%2Fcore-js-2.6.12.tgz"
  "version" "2.6.12"

"deepmerge@^1.2.0":
  "integrity" "sha1-EEmdhohEza1P7ghC34x/bwyVp1M="
  "resolved" "https://registry.npm.taobao.org/deepmerge/download/deepmerge-1.5.2.tgz"
  "version" "1.5.2"

"element-ui@^2.15.3":
  "integrity" "sha1-VRCKuCo7zGRuewVwhxxIupYwBlI="
  "resolved" "https://registry.nlark.com/element-ui/download/element-ui-2.15.3.tgz"
  "version" "2.15.3"
  dependencies:
    "async-validator" "~1.8.1"
    "babel-helper-vue-jsx-merge-props" "^2.0.0"
    "deepmerge" "^1.2.0"
    "normalize-wheel" "^1.0.1"
    "resize-observer-polyfill" "^1.5.0"
    "throttle-debounce" "^1.0.1"

"follow-redirects@^1.10.0":
  "integrity" "sha1-2RFN7Qoc/dM04WTmZirQK/2R/0M="
  "resolved" "https://registry.nlark.com/follow-redirects/download/follow-redirects-1.14.1.tgz?cache=0&sync_timestamp=1620555300559&other_urls=https%3A%2F%2Fregistry.nlark.com%2Ffollow-redirects%2Fdownload%2Ffollow-redirects-1.14.1.tgz"
  "version" "1.14.1"

"fs-extra@^9.1.0":
  "integrity" "sha1-WVRGDHZKjaIJS6NVS/g55rmnyG0="
  "resolved" "https://registry.nlark.com/fs-extra/download/fs-extra-9.1.0.tgz"
  "version" "9.1.0"
  dependencies:
    "at-least-node" "^1.0.0"
    "graceful-fs" "^4.2.0"
    "jsonfile" "^6.0.1"
    "universalify" "^2.0.0"

"graceful-fs@^4.1.6", "graceful-fs@^4.2.0":
  "integrity" "sha1-/wQLKwhTsjw9MQJ1I3BvGIXXa+4="
  "resolved" "https://registry.npm.taobao.org/graceful-fs/download/graceful-fs-4.2.6.tgz"
  "version" "4.2.6"

"jsonfile@^6.0.1":
  "integrity" "sha1-vFWyY0eTxnnsZAMJTrE2mKbsCq4="
  "resolved" "https://registry.npm.taobao.org/jsonfile/download/jsonfile-6.1.0.tgz?cache=0&sync_timestamp=1604161797011&other_urls=https%3A%2F%2Fregistry.npm.taobao.org%2Fjsonfile%2Fdownload%2Fjsonfile-6.1.0.tgz"
  "version" "6.1.0"
  dependencies:
    "universalify" "^2.0.0"
  optionalDependencies:
    "graceful-fs" "^4.1.6"

"lodash@^4.17.21":
  "integrity" "sha1-Z5WRxWTDv/quhFTPCz3zcMPWkRw="
  "resolved" "https://registry.npm.taobao.org/lodash/download/lodash-4.17.21.tgz?cache=0&sync_timestamp=1613835838133&other_urls=https%3A%2F%2Fregistry.npm.taobao.org%2Flodash%2Fdownload%2Flodash-4.17.21.tgz"
  "version" "4.17.21"

"moment@^2.29.1":
  "integrity" "sha1-sr52n6MZQL6e7qZGnAdeNQBvo9M="
  "resolved" "https://registry.npm.taobao.org/moment/download/moment-2.29.1.tgz"
  "version" "2.29.1"

"normalize-wheel@^1.0.1":
  "integrity" "sha1-rsiGr/2wRQcNhWRH32Ls+GFG7EU="
  "resolved" "https://registry.npm.taobao.org/normalize-wheel/download/normalize-wheel-1.0.1.tgz"
  "version" "1.0.1"

"regenerator-runtime@^0.11.0":
  "integrity" "sha1-vgWtf5v30i4Fb5cmzuUBf78Z4uk="
  "resolved" "https://registry.nlark.com/regenerator-runtime/download/regenerator-runtime-0.11.1.tgz"
  "version" "0.11.1"

"resize-observer-polyfill@^1.5.0":
  "integrity" "sha1-DpAg3T0hAkRY1OvSfiPkAmmBBGQ="
  "resolved" "https://registry.npm.taobao.org/resize-observer-polyfill/download/resize-observer-polyfill-1.5.1.tgz"
  "version" "1.5.1"

"throttle-debounce@^1.0.1":
  "integrity" "sha1-UYU9o3vmihVctugns1FKPEIuic0="
  "resolved" "https://registry.nlark.com/throttle-debounce/download/throttle-debounce-1.1.0.tgz"
  "version" "1.1.0"

"universalify@^2.0.0":
  "integrity" "sha1-daSYTv7cSwiXXFrrc/Uw0C3yVxc="
  "resolved" "https://registry.npm.taobao.org/universalify/download/universalify-2.0.0.tgz?cache=0&sync_timestamp=1603179967633&other_urls=https%3A%2F%2Fregistry.npm.taobao.org%2Funiversalify%2Fdownload%2Funiversalify-2.0.0.tgz"
  "version" "2.0.0"

"vue-router@^3.5.2":
  "integrity" "sha1-X1Xj8lGXDjbD6NiKfNLWejUK3lw="
  "resolved" "https://registry.nlark.com/vue-router/download/vue-router-3.5.2.tgz"
  "version" "3.5.2"

"vue@^2.5.17", "vue@^2.6.14":
  "integrity" "sha1-5RqlJQJQ1Wmj+606ilpofWA24jU="
  "resolved" "https://registry.nlark.com/vue/download/vue-2.6.14.tgz"
  "version" "2.6.14"
